{
    "_readme": [
        "This file locks the dependencies of your project to a known state",
        "Read more about it at https://getcomposer.org/doc/01-basic-usage.md#installing-dependencies",
        "This file is @generated automatically"
    ],
    "content-hash": "7f07b5e07318ffd777caa92b8346f4e1",
    "packages": [
        {
            "name": "berlioz/flash-bag",
            "version": "v1.3.0",
            "source": {
                "type": "git",
                "url": "https://github.com/BerliozFramework/FlashBag.git",
                "reference": "f982c029e817038fa08bb942de3920cb60d4831b"
            },
            "dist": {
                "type": "zip",
                "url": "https://api.github.com/repos/BerliozFramework/FlashBag/zipball/f982c029e817038fa08bb942de3920cb60d4831b",
                "reference": "f982c029e817038fa08bb942de3920cb60d4831b",
                "shasum": ""
            },
            "require": {
                "php": "^7.1 || ^8.0"
            },
            "require-dev": {
                "phpunit/phpunit": "^7.2 || ^8.0 || ^9.0"
            },
            "type": "library",
            "autoload": {
                "psr-4": {
                    "Berlioz\\FlashBag\\": "src/"
                }
            },
            "notification-url": "https://packagist.org/downloads/",
            "license": [
                "MIT"
            ],
            "authors": [
                {
                    "name": "Ronan Giron",
                    "email": "ronan@getberlioz.com"
                }
            ],
            "description": "Berlioz FlashBag is a PHP library to manage flash messages to showed to the user.",
            "homepage": "https://getberlioz.com",
            "support": {
                "issues": "https://github.com/BerliozFramework/FlashBag/issues",
                "source": "https://github.com/BerliozFramework/FlashBag/tree/v1.3.0"
            },
            "time": "2021-09-03T12:51:43+00:00"
        },
        {
            "name": "nikic/fast-route",
            "version": "v1.3.0",
            "source": {
                "type": "git",
                "url": "https://github.com/nikic/FastRoute.git",
                "reference": "181d480e08d9476e61381e04a71b34dc0432e812"
            },
            "dist": {
                "type": "zip",
                "url": "https://api.github.com/repos/nikic/FastRoute/zipball/181d480e08d9476e61381e04a71b34dc0432e812",
                "reference": "181d480e08d9476e61381e04a71b34dc0432e812",
                "shasum": ""
            },
            "require": {
                "php": ">=5.4.0"
            },
            "require-dev": {
                "phpunit/phpunit": "^4.8.35|~5.7"
            },
            "type": "library",
            "autoload": {
                "psr-4": {
                    "FastRoute\\": "src/"
                },
                "files": [
                    "src/functions.php"
                ]
            },
            "notification-url": "https://packagist.org/downloads/",
            "license": [
                "BSD-3-Clause"
            ],
            "authors": [
                {
                    "name": "Nikita Popov",
                    "email": "nikic@php.net"
                }
            ],
            "description": "Fast request router for PHP",
            "keywords": [
                "router",
                "routing"
            ],
            "support": {
                "issues": "https://github.com/nikic/FastRoute/issues",
                "source": "https://github.com/nikic/FastRoute/tree/master"
            },
            "time": "2018-02-13T20:26:39+00:00"
        }
    ],
    "packages-dev": [],
    "aliases": [],
    "minimum-stability": "stable",
    "stability-flags": [],
    "prefer-stable": false,
    "prefer-lowest": false,
    "platform": [],
    "platform-dev": [],
    "plugin-api-version": "2.0.0"
}
